
Microsoft Visual Studio Solution File, Format Version 12.00
# Visual Studio Version 16
VisualStudioVersion = 16.0.30717.126
MinimumVisualStudioVersion = 10.0.40219.1
Project("{FAE04EC0-301F-11D3-BF4B-00C04F79EFBC}") = "Hello World 3", "Hello World 3\Hello World 3.csproj", "{58B0D1CC-B24C-4583-9012-F59CED01E72D}"
EndProject
Global
	GlobalSection(SolutionConfigurationPlatforms) = preSolution
		Debug|Any CPU = Debug|Any CPU
		Release|Any CPU = Release|Any CPU
	EndGlobalSection
	GlobalSection(ProjectConfigurationPlatforms) = postSolution
		{58B0D1CC-B24C-4583-9012-F59CED01E72D}.Debug|Any CPU.ActiveCfg = Debug|Any CPU
		{58B0D1CC-B24C-4583-9012-F59CED01E72D}.Debug|Any CPU.Build.0 = Debug|Any CPU
		{58B0D1CC-B24C-4583-9012-F59CED01E72D}.Release|Any CPU.ActiveCfg = Release|Any CPU
		{58B0D1CC-B24C-4583-9012-F59CED01E72D}.Release|Any CPU.Build.0 = Release|Any CPU
	EndGlobalSection
	GlobalSection(SolutionProperties) = preSolution
		HideSolutionNode = FALSE
	EndGlobalSection
	GlobalSection(ExtensibilityGlobals) = postSolution
		SolutionGuid = {F66CD16F-3229-4FF3-AE1B-F3FE557D9DB9}
	EndGlobalSection
EndGlobal
